
Microsoft Visual Studio Solution File, Format Version 12.00
# Visual Studio 15
VisualStudioVersion = 15.0.28307.271
MinimumVisualStudioVersion = 10.0.40219.1
Project("{FAE04EC0-301F-11D3-BF4B-00C04F79EFBC}") = "BookExchange", "BookExchange\BookExchange.csproj", "{57651974-E732-4C60-9550-09E908667FEF}"
EndProject
Global
	GlobalSection(SolutionConfigurationPlatforms) = preSolution
		Debug|Any CPU = Debug|Any CPU
		Release|Any CPU = Release|Any CPU
	EndGlobalSection
	GlobalSection(ProjectConfigurationPlatforms) = postSolution
		{57651974-E732-4C60-9550-09E908667FEF}.Debug|Any CPU.ActiveCfg = Debug|Any CPU
		{57651974-E732-4C60-9550-09E908667FEF}.Debug|Any CPU.Build.0 = Debug|Any CPU
		{57651974-E732-4C60-9550-09E908667FEF}.Release|Any CPU.ActiveCfg = Release|Any CPU
		{57651974-E732-4C60-9550-09E908667FEF}.Release|Any CPU.Build.0 = Release|Any CPU
	EndGlobalSection
	GlobalSection(SolutionProperties) = preSolution
		HideSolutionNode = FALSE
	EndGlobalSection
	GlobalSection(ExtensibilityGlobals) = postSolution
		SolutionGuid = {74C83974-4BFE-4851-9341-629A18F1B730}
	EndGlobalSection
EndGlobal
